
Microsoft Visual Studio Solution File, Format Version 12.00
# Visual Studio Version 17
VisualStudioVersion = 17.1.32407.343
MinimumVisualStudioVersion = 10.0.40219.1
Project("{2150E333-8FDC-42A3-9474-1A3956D46DE8}") = "Solution Items", "Solution Items", "{21DB16AA-40BB-428B-AFE8-DEF4E3F0DC49}"
	ProjectSection(SolutionItems) = preProject
		.editorconfig = .editorconfig
		Directory.Build.props = Directory.Build.props
		Directory.Build.targets = Directory.Build.targets
		Directory.Packages.props = Directory.Packages.props
		LICENSE = LICENSE
		LICENSE.md = LICENSE.md
		nuget.config = nuget.config
		README.md = README.md
		Settings.XamlStyler = Settings.XamlStyler
		ThirdPartyNotices.txt = ThirdPartyNotices.txt
	EndProjectSection
EndProject
Project("{9A19103F-16F7-4668-BE54-9A1E7A4F7556}") = "Wpf.Ui.Gallery", "src\Wpf.Ui.Gallery\Wpf.Ui.Gallery.csproj", "{E55BFB14-9DA6-434A-8153-BFE124D71818}"
EndProject
Project("{9A19103F-16F7-4668-BE54-9A1E7A4F7556}") = "Wpf.Ui", "src\Wpf.Ui\Wpf.Ui.csproj", "{1ADC87D1-8963-4100-845A-18477824718E}"
EndProject
Project("{9A19103F-16F7-4668-BE54-9A1E7A4F7556}") = "Wpf.Ui.FontMapper", "src\Wpf.Ui.FontMapper\Wpf.Ui.FontMapper.csproj", "{50BAB8DE-6558-4E77-87E5-CD533CBBB72F}"
EndProject
Project("{C7167F0D-BC9F-4E6E-AFE1-012C56B48DB5}") = "Wpf.Ui.Gallery.Package", "src\Wpf.Ui.Gallery.Package\Wpf.Ui.Gallery.Package.wapproj", "{50C713C3-555E-491F-87EE-C806BEC0579F}"
EndProject
Project("{9A19103F-16F7-4668-BE54-9A1E7A4F7556}") = "Wpf.Ui.UnitTests", "tests\Wpf.Ui.UnitTests\Wpf.Ui.UnitTests.csproj", "{AE87BE68-DFDC-46D8-BC55-DC9D1DD47F4C}"
EndProject
Project("{2150E333-8FDC-42A3-9474-1A3956D46DE8}") = "Tests", "Tests", "{35AC6218-CBEA-4FDA-8CE1-D1EBD6FD8D4A}"
EndProject
Project("{FAE04EC0-301F-11D3-BF4B-00C04F79EFBC}") = "Wpf.Ui.Extension", "src\Wpf.Ui.Extension\Wpf.Ui.Extension.csproj", "{1298D974-9D81-4A93-9374-EA6A0E723DEB}"
EndProject
Project("{9A19103F-16F7-4668-BE54-9A1E7A4F7556}") = "Wpf.Ui.Gallery.UnitTests", "tests\Wpf.Ui.Gallery.UnitTests\Wpf.Ui.Gallery.UnitTests.csproj", "{4059EB00-22B3-4EF9-A509-469CE8B0096D}"
EndProject
Project("{FAE04EC0-301F-11D3-BF4B-00C04F79EFBC}") = "Wpf.Ui.Extension.Template.Compact", "src\Wpf.Ui.Extension.Template.Compact\Wpf.Ui.Extension.Template.Compact.csproj", "{14D7431C-6CFF-4191-BB88-2B8D5F323A30}"
EndProject
Project("{FAE04EC0-301F-11D3-BF4B-00C04F79EFBC}") = "Wpf.Ui.Extension.Template.Blank", "src\Wpf.Ui.Extension.Template.Blank\Wpf.Ui.Extension.Template.Blank.csproj", "{AB3D44B5-9491-487E-A134-9AC5BED2B981}"
EndProject
Project("{FAE04EC0-301F-11D3-BF4B-00C04F79EFBC}") = "Wpf.Ui.Extension.Template.Fluent", "src\Wpf.Ui.Extension.Template.Fluent\Wpf.Ui.Extension.Template.Fluent.csproj", "{4D2706B5-27A9-4542-BD4D-8C22D12D0628}"
EndProject
Project("{9A19103F-16F7-4668-BE54-9A1E7A4F7556}") = "Wpf.Ui.ToastNotifications", "src\Wpf.Ui.ToastNotifications\Wpf.Ui.ToastNotifications.csproj", "{3E84FE46-D3FD-4E8A-9208-95E315F16E1F}"
EndProject
Project("{9A19103F-16F7-4668-BE54-9A1E7A4F7556}") = "Wpf.Ui.Tray", "src\Wpf.Ui.Tray\Wpf.Ui.Tray.csproj", "{073BF126-377B-49CD-838A-E8B779EB4862}"
EndProject
Project("{9A19103F-16F7-4668-BE54-9A1E7A4F7556}") = "Wpf.Ui.SyntaxHighlight", "src\Wpf.Ui.SyntaxHighlight\Wpf.Ui.SyntaxHighlight.csproj", "{07F7A65A-6061-4606-ACA2-F8D1A3D0E19A}"
EndProject
Project("{9A19103F-16F7-4668-BE54-9A1E7A4F7556}") = "Wpf.Ui.Abstractions", "src\Wpf.Ui.Abstractions\Wpf.Ui.Abstractions.csproj", "{F3A0BD51-2B8C-4E75-A64B-0AED46A22F74}"
EndProject
Project("{2150E333-8FDC-42A3-9474-1A3956D46DE8}") = "Samples", "Samples", "{D7EA6A65-3CB5-4A59-934A-B8402C849107}"
EndProject
Project("{9A19103F-16F7-4668-BE54-9A1E7A4F7556}") = "Wpf.Ui.Demo.Console", "samples\Wpf.Ui.Demo.Console\Wpf.Ui.Demo.Console.csproj", "{6F1F6A8D-A530-4C4F-9360-219AC3B43FAA}"
EndProject
Project("{9A19103F-16F7-4668-BE54-9A1E7A4F7556}") = "Wpf.Ui.Demo.Mvvm", "samples\Wpf.Ui.Demo.Mvvm\Wpf.Ui.Demo.Mvvm.csproj", "{5138077E-670E-413D-94D1-0825B6D1201B}"
EndProject
Project("{9A19103F-16F7-4668-BE54-9A1E7A4F7556}") = "Wpf.Ui.Demo.Simple", "samples\Wpf.Ui.Demo.Simple\Wpf.Ui.Demo.Simple.csproj", "{E37CD05A-EBFC-429D-A550-BEE44119FA9E}"
EndProject
Project("{9A19103F-16F7-4668-BE54-9A1E7A4F7556}") = "Wpf.Ui.Demo.Dialogs", "samples\Wpf.Ui.Demo.Dialogs\Wpf.Ui.Demo.Dialogs.csproj", "{7F6C7E7A-A4B5-4D12-88EB-217CA59284F4}"
EndProject
Project("{FAE04EC0-301F-11D3-BF4B-00C04F79EFBC}") = "Wpf.Ui.DependencyInjection", "src\Wpf.Ui.DependencyInjection\Wpf.Ui.DependencyInjection.csproj", "{9C8D6133-9417-43A1-B54F-725009569D71}"
EndProject
Global
	GlobalSection(SolutionConfigurationPlatforms) = preSolution
		Debug|Any CPU = Debug|Any CPU
		Debug|arm64 = Debug|arm64
		Debug|x64 = Debug|x64
		Debug|x86 = Debug|x86
		Release|Any CPU = Release|Any CPU
		Release|arm64 = Release|arm64
		Release|x64 = Release|x64
		Release|x86 = Release|x86
	EndGlobalSection
	GlobalSection(ProjectConfigurationPlatforms) = postSolution
		{E55BFB14-9DA6-434A-8153-BFE124D71818}.Debug|Any CPU.ActiveCfg = Debug|Any CPU
		{E55BFB14-9DA6-434A-8153-BFE124D71818}.Debug|Any CPU.Build.0 = Debug|Any CPU
		{E55BFB14-9DA6-434A-8153-BFE124D71818}.Debug|arm64.ActiveCfg = Debug|arm64
		{E55BFB14-9DA6-434A-8153-BFE124D71818}.Debug|arm64.Build.0 = Debug|arm64
		{E55BFB14-9DA6-434A-8153-BFE124D71818}.Debug|x64.ActiveCfg = Debug|x64
		{E55BFB14-9DA6-434A-8153-BFE124D71818}.Debug|x64.Build.0 = Debug|x64
		{E55BFB14-9DA6-434A-8153-BFE124D71818}.Debug|x86.ActiveCfg = Debug|x86
		{E55BFB14-9DA6-434A-8153-BFE124D71818}.Debug|x86.Build.0 = Debug|x86
		{E55BFB14-9DA6-434A-8153-BFE124D71818}.Release|Any CPU.ActiveCfg = Release|Any CPU
		{E55BFB14-9DA6-434A-8153-BFE124D71818}.Release|Any CPU.Build.0 = Release|Any CPU
		{E55BFB14-9DA6-434A-8153-BFE124D71818}.Release|arm64.ActiveCfg = Release|arm64
		{E55BFB14-9DA6-434A-8153-BFE124D71818}.Release|arm64.Build.0 = Release|arm64
		{E55BFB14-9DA6-434A-8153-BFE124D71818}.Release|x64.ActiveCfg = Release|x64
		{E55BFB14-9DA6-434A-8153-BFE124D71818}.Release|x64.Build.0 = Release|x64
		{E55BFB14-9DA6-434A-8153-BFE124D71818}.Release|x86.ActiveCfg = Release|x86
		{E55BFB14-9DA6-434A-8153-BFE124D71818}.Release|x86.Build.0 = Release|x86
		{1ADC87D1-8963-4100-845A-18477824718E}.Debug|Any CPU.ActiveCfg = Debug|Any CPU
		{1ADC87D1-8963-4100-845A-18477824718E}.Debug|Any CPU.Build.0 = Debug|Any CPU
		{1ADC87D1-8963-4100-845A-18477824718E}.Debug|arm64.ActiveCfg = Debug|Any CPU
		{1ADC87D1-8963-4100-845A-18477824718E}.Debug|arm64.Build.0 = Debug|Any CPU
		{1ADC87D1-8963-4100-845A-18477824718E}.Debug|x64.ActiveCfg = Debug|Any CPU
		{1ADC87D1-8963-4100-845A-18477824718E}.Debug|x64.Build.0 = Debug|Any CPU
		{1ADC87D1-8963-4100-845A-18477824718E}.Debug|x86.ActiveCfg = Debug|Any CPU
		{1ADC87D1-8963-4100-845A-18477824718E}.Debug|x86.Build.0 = Debug|Any CPU
		{1ADC87D1-8963-4100-845A-18477824718E}.Release|Any CPU.ActiveCfg = Release|Any CPU
		{1ADC87D1-8963-4100-845A-18477824718E}.Release|Any CPU.Build.0 = Release|Any CPU
		{1ADC87D1-8963-4100-845A-18477824718E}.Release|arm64.ActiveCfg = Release|Any CPU
		{1ADC87D1-8963-4100-845A-18477824718E}.Release|arm64.Build.0 = Release|Any CPU
		{1ADC87D1-8963-4100-845A-18477824718E}.Release|x64.ActiveCfg = Release|Any CPU
		{1ADC87D1-8963-4100-845A-18477824718E}.Release|x64.Build.0 = Release|Any CPU
		{1ADC87D1-8963-4100-845A-18477824718E}.Release|x86.ActiveCfg = Release|Any CPU
		{1ADC87D1-8963-4100-845A-18477824718E}.Release|x86.Build.0 = Release|Any CPU
		{50BAB8DE-6558-4E77-87E5-CD533CBBB72F}.Debug|Any CPU.ActiveCfg = Debug|Any CPU
		{50BAB8DE-6558-4E77-87E5-CD533CBBB72F}.Debug|Any CPU.Build.0 = Debug|Any CPU
		{50BAB8DE-6558-4E77-87E5-CD533CBBB72F}.Debug|arm64.ActiveCfg = Debug|Any CPU
		{50BAB8DE-6558-4E77-87E5-CD533CBBB72F}.Debug|arm64.Build.0 = Debug|Any CPU
		{50BAB8DE-6558-4E77-87E5-CD533CBBB72F}.Debug|x64.ActiveCfg = Debug|Any CPU
		{50BAB8DE-6558-4E77-87E5-CD533CBBB72F}.Debug|x64.Build.0 = Debug|Any CPU
		{50BAB8DE-6558-4E77-87E5-CD533CBBB72F}.Debug|x86.ActiveCfg = Debug|Any CPU
		{50BAB8DE-6558-4E77-87E5-CD533CBBB72F}.Debug|x86.Build.0 = Debug|Any CPU
		{50BAB8DE-6558-4E77-87E5-CD533CBBB72F}.Release|Any CPU.ActiveCfg = Release|Any CPU
		{50BAB8DE-6558-4E77-87E5-CD533CBBB72F}.Release|Any CPU.Build.0 = Release|Any CPU
		{50BAB8DE-6558-4E77-87E5-CD533CBBB72F}.Release|arm64.ActiveCfg = Release|Any CPU
		{50BAB8DE-6558-4E77-87E5-CD533CBBB72F}.Release|arm64.Build.0 = Release|Any CPU
		{50BAB8DE-6558-4E77-87E5-CD533CBBB72F}.Release|x64.ActiveCfg = Release|Any CPU
		{50BAB8DE-6558-4E77-87E5-CD533CBBB72F}.Release|x64.Build.0 = Release|Any CPU
		{50BAB8DE-6558-4E77-87E5-CD533CBBB72F}.Release|x86.ActiveCfg = Release|Any CPU
		{50BAB8DE-6558-4E77-87E5-CD533CBBB72F}.Release|x86.Build.0 = Release|Any CPU
		{50C713C3-555E-491F-87EE-C806BEC0579F}.Debug|Any CPU.ActiveCfg = Debug|Any CPU
		{50C713C3-555E-491F-87EE-C806BEC0579F}.Debug|arm64.ActiveCfg = Debug|ARM64
		{50C713C3-555E-491F-87EE-C806BEC0579F}.Debug|x64.ActiveCfg = Debug|x64
		{50C713C3-555E-491F-87EE-C806BEC0579F}.Debug|x86.ActiveCfg = Debug|x86
		{50C713C3-555E-491F-87EE-C806BEC0579F}.Release|Any CPU.ActiveCfg = Release|Any CPU
		{50C713C3-555E-491F-87EE-C806BEC0579F}.Release|arm64.ActiveCfg = Release|ARM64
		{50C713C3-555E-491F-87EE-C806BEC0579F}.Release|arm64.Build.0 = Release|ARM64
		{50C713C3-555E-491F-87EE-C806BEC0579F}.Release|arm64.Deploy.0 = Release|ARM64
		{50C713C3-555E-491F-87EE-C806BEC0579F}.Release|x64.ActiveCfg = Release|x64
		{50C713C3-555E-491F-87EE-C806BEC0579F}.Release|x64.Build.0 = Release|x64
		{50C713C3-555E-491F-87EE-C806BEC0579F}.Release|x64.Deploy.0 = Release|x64
		{50C713C3-555E-491F-87EE-C806BEC0579F}.Release|x86.ActiveCfg = Release|x86
		{50C713C3-555E-491F-87EE-C806BEC0579F}.Release|x86.Build.0 = Release|x86
		{50C713C3-555E-491F-87EE-C806BEC0579F}.Release|x86.Deploy.0 = Release|x86
		{AE87BE68-DFDC-46D8-BC55-DC9D1DD47F4C}.Debug|Any CPU.ActiveCfg = Debug|Any CPU
		{AE87BE68-DFDC-46D8-BC55-DC9D1DD47F4C}.Debug|Any CPU.Build.0 = Debug|Any CPU
		{AE87BE68-DFDC-46D8-BC55-DC9D1DD47F4C}.Debug|arm64.ActiveCfg = Debug|Any CPU
		{AE87BE68-DFDC-46D8-BC55-DC9D1DD47F4C}.Debug|arm64.Build.0 = Debug|Any CPU
		{AE87BE68-DFDC-46D8-BC55-DC9D1DD47F4C}.Debug|x64.ActiveCfg = Debug|Any CPU
		{AE87BE68-DFDC-46D8-BC55-DC9D1DD47F4C}.Debug|x64.Build.0 = Debug|Any CPU
		{AE87BE68-DFDC-46D8-BC55-DC9D1DD47F4C}.Debug|x86.ActiveCfg = Debug|Any CPU
		{AE87BE68-DFDC-46D8-BC55-DC9D1DD47F4C}.Debug|x86.Build.0 = Debug|Any CPU
		{AE87BE68-DFDC-46D8-BC55-DC9D1DD47F4C}.Release|Any CPU.ActiveCfg = Release|Any CPU
		{AE87BE68-DFDC-46D8-BC55-DC9D1DD47F4C}.Release|Any CPU.Build.0 = Release|Any CPU
		{AE87BE68-DFDC-46D8-BC55-DC9D1DD47F4C}.Release|arm64.ActiveCfg = Release|Any CPU
		{AE87BE68-DFDC-46D8-BC55-DC9D1DD47F4C}.Release|arm64.Build.0 = Release|Any CPU
		{AE87BE68-DFDC-46D8-BC55-DC9D1DD47F4C}.Release|x64.ActiveCfg = Release|Any CPU
		{AE87BE68-DFDC-46D8-BC55-DC9D1DD47F4C}.Release|x64.Build.0 = Release|Any CPU
		{AE87BE68-DFDC-46D8-BC55-DC9D1DD47F4C}.Release|x86.ActiveCfg = Release|Any CPU
		{AE87BE68-DFDC-46D8-BC55-DC9D1DD47F4C}.Release|x86.Build.0 = Release|Any CPU
		{1298D974-9D81-4A93-9374-EA6A0E723DEB}.Debug|Any CPU.ActiveCfg = Debug|Any CPU
		{1298D974-9D81-4A93-9374-EA6A0E723DEB}.Debug|arm64.ActiveCfg = Debug|arm64
		{1298D974-9D81-4A93-9374-EA6A0E723DEB}.Debug|x64.ActiveCfg = Debug|x64
		{1298D974-9D81-4A93-9374-EA6A0E723DEB}.Debug|x86.ActiveCfg = Debug|x86
		{1298D974-9D81-4A93-9374-EA6A0E723DEB}.Release|Any CPU.ActiveCfg = Release|Any CPU
		{1298D974-9D81-4A93-9374-EA6A0E723DEB}.Release|arm64.ActiveCfg = Release|arm64
		{1298D974-9D81-4A93-9374-EA6A0E723DEB}.Release|x64.ActiveCfg = Release|x64
		{1298D974-9D81-4A93-9374-EA6A0E723DEB}.Release|x86.ActiveCfg = Release|x86
		{4059EB00-22B3-4EF9-A509-469CE8B0096D}.Debug|Any CPU.ActiveCfg = Debug|Any CPU
		{4059EB00-22B3-4EF9-A509-469CE8B0096D}.Debug|Any CPU.Build.0 = Debug|Any CPU
		{4059EB00-22B3-4EF9-A509-469CE8B0096D}.Debug|arm64.ActiveCfg = Debug|Any CPU
		{4059EB00-22B3-4EF9-A509-469CE8B0096D}.Debug|arm64.Build.0 = Debug|Any CPU
		{4059EB00-22B3-4EF9-A509-469CE8B0096D}.Debug|x64.ActiveCfg = Debug|Any CPU
		{4059EB00-22B3-4EF9-A509-469CE8B0096D}.Debug|x64.Build.0 = Debug|Any CPU
		{4059EB00-22B3-4EF9-A509-469CE8B0096D}.Debug|x86.ActiveCfg = Debug|Any CPU
		{4059EB00-22B3-4EF9-A509-469CE8B0096D}.Debug|x86.Build.0 = Debug|Any CPU
		{4059EB00-22B3-4EF9-A509-469CE8B0096D}.Release|Any CPU.ActiveCfg = Release|Any CPU
		{4059EB00-22B3-4EF9-A509-469CE8B0096D}.Release|Any CPU.Build.0 = Release|Any CPU
		{4059EB00-22B3-4EF9-A509-469CE8B0096D}.Release|arm64.ActiveCfg = Release|Any CPU
		{4059EB00-22B3-4EF9-A509-469CE8B0096D}.Release|arm64.Build.0 = Release|Any CPU
		{4059EB00-22B3-4EF9-A509-469CE8B0096D}.Release|x64.ActiveCfg = Release|Any CPU
		{4059EB00-22B3-4EF9-A509-469CE8B0096D}.Release|x64.Build.0 = Release|Any CPU
		{4059EB00-22B3-4EF9-A509-469CE8B0096D}.Release|x86.ActiveCfg = Release|Any CPU
		{4059EB00-22B3-4EF9-A509-469CE8B0096D}.Release|x86.Build.0 = Release|Any CPU
		{14D7431C-6CFF-4191-BB88-2B8D5F323A30}.Debug|Any CPU.ActiveCfg = Debug|Any CPU
		{14D7431C-6CFF-4191-BB88-2B8D5F323A30}.Debug|arm64.ActiveCfg = Debug|arm64
		{14D7431C-6CFF-4191-BB88-2B8D5F323A30}.Debug|x64.ActiveCfg = Debug|x64
		{14D7431C-6CFF-4191-BB88-2B8D5F323A30}.Debug|x86.ActiveCfg = Debug|x86
		{14D7431C-6CFF-4191-BB88-2B8D5F323A30}.Release|Any CPU.ActiveCfg = Release|Any CPU
		{14D7431C-6CFF-4191-BB88-2B8D5F323A30}.Release|arm64.ActiveCfg = Release|arm64
		{14D7431C-6CFF-4191-BB88-2B8D5F323A30}.Release|x64.ActiveCfg = Release|x64
		{14D7431C-6CFF-4191-BB88-2B8D5F323A30}.Release|x86.ActiveCfg = Release|x86
		{AB3D44B5-9491-487E-A134-9AC5BED2B981}.Debug|Any CPU.ActiveCfg = Debug|Any CPU
		{AB3D44B5-9491-487E-A134-9AC5BED2B981}.Debug|arm64.ActiveCfg = Debug|arm64
		{AB3D44B5-9491-487E-A134-9AC5BED2B981}.Debug|x64.ActiveCfg = Debug|x64
		{AB3D44B5-9491-487E-A134-9AC5BED2B981}.Debug|x86.ActiveCfg = Debug|x86
		{AB3D44B5-9491-487E-A134-9AC5BED2B981}.Release|Any CPU.ActiveCfg = Release|Any CPU
		{AB3D44B5-9491-487E-A134-9AC5BED2B981}.Release|arm64.ActiveCfg = Release|arm64
		{AB3D44B5-9491-487E-A134-9AC5BED2B981}.Release|x64.ActiveCfg = Release|x64
		{AB3D44B5-9491-487E-A134-9AC5BED2B981}.Release|x86.ActiveCfg = Release|x86
		{4D2706B5-27A9-4542-BD4D-8C22D12D0628}.Debug|Any CPU.ActiveCfg = Debug|Any CPU
		{4D2706B5-27A9-4542-BD4D-8C22D12D0628}.Debug|arm64.ActiveCfg = Debug|arm64
		{4D2706B5-27A9-4542-BD4D-8C22D12D0628}.Debug|x64.ActiveCfg = Debug|x64
		{4D2706B5-27A9-4542-BD4D-8C22D12D0628}.Debug|x86.ActiveCfg = Debug|x86
		{4D2706B5-27A9-4542-BD4D-8C22D12D0628}.Release|Any CPU.ActiveCfg = Release|Any CPU
		{4D2706B5-27A9-4542-BD4D-8C22D12D0628}.Release|arm64.ActiveCfg = Release|arm64
		{4D2706B5-27A9-4542-BD4D-8C22D12D0628}.Release|x64.ActiveCfg = Release|x64
		{4D2706B5-27A9-4542-BD4D-8C22D12D0628}.Release|x86.ActiveCfg = Release|x86
		{3E84FE46-D3FD-4E8A-9208-95E315F16E1F}.Debug|Any CPU.ActiveCfg = Debug|Any CPU
		{3E84FE46-D3FD-4E8A-9208-95E315F16E1F}.Debug|Any CPU.Build.0 = Debug|Any CPU
		{3E84FE46-D3FD-4E8A-9208-95E315F16E1F}.Debug|arm64.ActiveCfg = Debug|Any CPU
		{3E84FE46-D3FD-4E8A-9208-95E315F16E1F}.Debug|arm64.Build.0 = Debug|Any CPU
		{3E84FE46-D3FD-4E8A-9208-95E315F16E1F}.Debug|x64.ActiveCfg = Debug|Any CPU
		{3E84FE46-D3FD-4E8A-9208-95E315F16E1F}.Debug|x64.Build.0 = Debug|Any CPU
		{3E84FE46-D3FD-4E8A-9208-95E315F16E1F}.Debug|x86.ActiveCfg = Debug|Any CPU
		{3E84FE46-D3FD-4E8A-9208-95E315F16E1F}.Debug|x86.Build.0 = Debug|Any CPU
		{3E84FE46-D3FD-4E8A-9208-95E315F16E1F}.Release|Any CPU.ActiveCfg = Release|Any CPU
		{3E84FE46-D3FD-4E8A-9208-95E315F16E1F}.Release|Any CPU.Build.0 = Release|Any CPU
		{3E84FE46-D3FD-4E8A-9208-95E315F16E1F}.Release|arm64.ActiveCfg = Release|Any CPU
		{3E84FE46-D3FD-4E8A-9208-95E315F16E1F}.Release|arm64.Build.0 = Release|Any CPU
		{3E84FE46-D3FD-4E8A-9208-95E315F16E1F}.Release|x64.ActiveCfg = Release|Any CPU
		{3E84FE46-D3FD-4E8A-9208-95E315F16E1F}.Release|x64.Build.0 = Release|Any CPU
		{3E84FE46-D3FD-4E8A-9208-95E315F16E1F}.Release|x86.ActiveCfg = Release|Any CPU
		{3E84FE46-D3FD-4E8A-9208-95E315F16E1F}.Release|x86.Build.0 = Release|Any CPU
		{073BF126-377B-49CD-838A-E8B779EB4862}.Debug|Any CPU.ActiveCfg = Debug|Any CPU
		{073BF126-377B-49CD-838A-E8B779EB4862}.Debug|Any CPU.Build.0 = Debug|Any CPU
		{073BF126-377B-49CD-838A-E8B779EB4862}.Debug|arm64.ActiveCfg = Debug|Any CPU
		{073BF126-377B-49CD-838A-E8B779EB4862}.Debug|arm64.Build.0 = Debug|Any CPU
		{073BF126-377B-49CD-838A-E8B779EB4862}.Debug|x64.ActiveCfg = Debug|Any CPU
		{073BF126-377B-49CD-838A-E8B779EB4862}.Debug|x64.Build.0 = Debug|Any CPU
		{073BF126-377B-49CD-838A-E8B779EB4862}.Debug|x86.ActiveCfg = Debug|Any CPU
		{073BF126-377B-49CD-838A-E8B779EB4862}.Debug|x86.Build.0 = Debug|Any CPU
		{073BF126-377B-49CD-838A-E8B779EB4862}.Release|Any CPU.ActiveCfg = Release|Any CPU
		{073BF126-377B-49CD-838A-E8B779EB4862}.Release|Any CPU.Build.0 = Release|Any CPU
		{073BF126-377B-49CD-838A-E8B779EB4862}.Release|arm64.ActiveCfg = Release|Any CPU
		{073BF126-377B-49CD-838A-E8B779EB4862}.Release|arm64.Build.0 = Release|Any CPU
		{073BF126-377B-49CD-838A-E8B779EB4862}.Release|x64.ActiveCfg = Release|Any CPU
		{073BF126-377B-49CD-838A-E8B779EB4862}.Release|x64.Build.0 = Release|Any CPU
		{073BF126-377B-49CD-838A-E8B779EB4862}.Release|x86.ActiveCfg = Release|Any CPU
		{073BF126-377B-49CD-838A-E8B779EB4862}.Release|x86.Build.0 = Release|Any CPU
		{07F7A65A-6061-4606-ACA2-F8D1A3D0E19A}.Debug|Any CPU.ActiveCfg = Debug|Any CPU
		{07F7A65A-6061-4606-ACA2-F8D1A3D0E19A}.Debug|Any CPU.Build.0 = Debug|Any CPU
		{07F7A65A-6061-4606-ACA2-F8D1A3D0E19A}.Debug|arm64.ActiveCfg = Debug|Any CPU
		{07F7A65A-6061-4606-ACA2-F8D1A3D0E19A}.Debug|arm64.Build.0 = Debug|Any CPU
		{07F7A65A-6061-4606-ACA2-F8D1A3D0E19A}.Debug|x64.ActiveCfg = Debug|Any CPU
		{07F7A65A-6061-4606-ACA2-F8D1A3D0E19A}.Debug|x64.Build.0 = Debug|Any CPU
		{07F7A65A-6061-4606-ACA2-F8D1A3D0E19A}.Debug|x86.ActiveCfg = Debug|Any CPU
		{07F7A65A-6061-4606-ACA2-F8D1A3D0E19A}.Debug|x86.Build.0 = Debug|Any CPU
		{07F7A65A-6061-4606-ACA2-F8D1A3D0E19A}.Release|Any CPU.ActiveCfg = Release|Any CPU
		{07F7A65A-6061-4606-ACA2-F8D1A3D0E19A}.Release|Any CPU.Build.0 = Release|Any CPU
		{07F7A65A-6061-4606-ACA2-F8D1A3D0E19A}.Release|arm64.ActiveCfg = Release|Any CPU
		{07F7A65A-6061-4606-ACA2-F8D1A3D0E19A}.Release|arm64.Build.0 = Release|Any CPU
		{07F7A65A-6061-4606-ACA2-F8D1A3D0E19A}.Release|x64.ActiveCfg = Release|Any CPU
		{07F7A65A-6061-4606-ACA2-F8D1A3D0E19A}.Release|x64.Build.0 = Release|Any CPU
		{07F7A65A-6061-4606-ACA2-F8D1A3D0E19A}.Release|x86.ActiveCfg = Release|Any CPU
		{07F7A65A-6061-4606-ACA2-F8D1A3D0E19A}.Release|x86.Build.0 = Release|Any CPU
		{F3A0BD51-2B8C-4E75-A64B-0AED46A22F74}.Debug|Any CPU.ActiveCfg = Debug|Any CPU
		{F3A0BD51-2B8C-4E75-A64B-0AED46A22F74}.Debug|Any CPU.Build.0 = Debug|Any CPU
		{F3A0BD51-2B8C-4E75-A64B-0AED46A22F74}.Debug|arm64.ActiveCfg = Debug|Any CPU
		{F3A0BD51-2B8C-4E75-A64B-0AED46A22F74}.Debug|arm64.Build.0 = Debug|Any CPU
		{F3A0BD51-2B8C-4E75-A64B-0AED46A22F74}.Debug|x64.ActiveCfg = Debug|Any CPU
		{F3A0BD51-2B8C-4E75-A64B-0AED46A22F74}.Debug|x64.Build.0 = Debug|Any CPU
		{F3A0BD51-2B8C-4E75-A64B-0AED46A22F74}.Debug|x86.ActiveCfg = Debug|Any CPU
		{F3A0BD51-2B8C-4E75-A64B-0AED46A22F74}.Debug|x86.Build.0 = Debug|Any CPU
		{F3A0BD51-2B8C-4E75-A64B-0AED46A22F74}.Release|Any CPU.ActiveCfg = Release|Any CPU
		{F3A0BD51-2B8C-4E75-A64B-0AED46A22F74}.Release|Any CPU.Build.0 = Release|Any CPU
		{F3A0BD51-2B8C-4E75-A64B-0AED46A22F74}.Release|arm64.ActiveCfg = Release|Any CPU
		{F3A0BD51-2B8C-4E75-A64B-0AED46A22F74}.Release|arm64.Build.0 = Release|Any CPU
		{F3A0BD51-2B8C-4E75-A64B-0AED46A22F74}.Release|x64.ActiveCfg = Release|Any CPU
		{F3A0BD51-2B8C-4E75-A64B-0AED46A22F74}.Release|x64.Build.0 = Release|Any CPU
		{F3A0BD51-2B8C-4E75-A64B-0AED46A22F74}.Release|x86.ActiveCfg = Release|Any CPU
		{F3A0BD51-2B8C-4E75-A64B-0AED46A22F74}.Release|x86.Build.0 = Release|Any CPU
		{6F1F6A8D-A530-4C4F-9360-219AC3B43FAA}.Debug|Any CPU.ActiveCfg = Debug|Any CPU
		{6F1F6A8D-A530-4C4F-9360-219AC3B43FAA}.Debug|Any CPU.Build.0 = Debug|Any CPU
		{6F1F6A8D-A530-4C4F-9360-219AC3B43FAA}.Debug|arm64.ActiveCfg = Debug|Any CPU
		{6F1F6A8D-A530-4C4F-9360-219AC3B43FAA}.Debug|arm64.Build.0 = Debug|Any CPU
		{6F1F6A8D-A530-4C4F-9360-219AC3B43FAA}.Debug|x64.ActiveCfg = Debug|Any CPU
		{6F1F6A8D-A530-4C4F-9360-219AC3B43FAA}.Debug|x64.Build.0 = Debug|Any CPU
		{6F1F6A8D-A530-4C4F-9360-219AC3B43FAA}.Debug|x86.ActiveCfg = Debug|Any CPU
		{6F1F6A8D-A530-4C4F-9360-219AC3B43FAA}.Debug|x86.Build.0 = Debug|Any CPU
		{6F1F6A8D-A530-4C4F-9360-219AC3B43FAA}.Release|Any CPU.ActiveCfg = Release|Any CPU
		{6F1F6A8D-A530-4C4F-9360-219AC3B43FAA}.Release|Any CPU.Build.0 = Release|Any CPU
		{6F1F6A8D-A530-4C4F-9360-219AC3B43FAA}.Release|arm64.ActiveCfg = Release|Any CPU
		{6F1F6A8D-A530-4C4F-9360-219AC3B43FAA}.Release|arm64.Build.0 = Release|Any CPU
		{6F1F6A8D-A530-4C4F-9360-219AC3B43FAA}.Release|x64.ActiveCfg = Release|Any CPU
		{6F1F6A8D-A530-4C4F-9360-219AC3B43FAA}.Release|x64.Build.0 = Release|Any CPU
		{6F1F6A8D-A530-4C4F-9360-219AC3B43FAA}.Release|x86.ActiveCfg = Release|Any CPU
		{6F1F6A8D-A530-4C4F-9360-219AC3B43FAA}.Release|x86.Build.0 = Release|Any CPU
		{5138077E-670E-413D-94D1-0825B6D1201B}.Debug|Any CPU.ActiveCfg = Debug|Any CPU
		{5138077E-670E-413D-94D1-0825B6D1201B}.Debug|Any CPU.Build.0 = Debug|Any CPU
		{5138077E-670E-413D-94D1-0825B6D1201B}.Debug|arm64.ActiveCfg = Debug|Any CPU
		{5138077E-670E-413D-94D1-0825B6D1201B}.Debug|arm64.Build.0 = Debug|Any CPU
		{5138077E-670E-413D-94D1-0825B6D1201B}.Debug|x64.ActiveCfg = Debug|Any CPU
		{5138077E-670E-413D-94D1-0825B6D1201B}.Debug|x64.Build.0 = Debug|Any CPU
		{5138077E-670E-413D-94D1-0825B6D1201B}.Debug|x86.ActiveCfg = Debug|Any CPU
		{5138077E-670E-413D-94D1-0825B6D1201B}.Debug|x86.Build.0 = Debug|Any CPU
		{5138077E-670E-413D-94D1-0825B6D1201B}.Release|Any CPU.ActiveCfg = Release|Any CPU
		{5138077E-670E-413D-94D1-0825B6D1201B}.Release|Any CPU.Build.0 = Release|Any CPU
		{5138077E-670E-413D-94D1-0825B6D1201B}.Release|arm64.ActiveCfg = Release|Any CPU
		{5138077E-670E-413D-94D1-0825B6D1201B}.Release|arm64.Build.0 = Release|Any CPU
		{5138077E-670E-413D-94D1-0825B6D1201B}.Release|x64.ActiveCfg = Release|Any CPU
		{5138077E-670E-413D-94D1-0825B6D1201B}.Release|x64.Build.0 = Release|Any CPU
		{5138077E-670E-413D-94D1-0825B6D1201B}.Release|x86.ActiveCfg = Release|Any CPU
		{5138077E-670E-413D-94D1-0825B6D1201B}.Release|x86.Build.0 = Release|Any CPU
		{E37CD05A-EBFC-429D-A550-BEE44119FA9E}.Debug|Any CPU.ActiveCfg = Debug|Any CPU
		{E37CD05A-EBFC-429D-A550-BEE44119FA9E}.Debug|Any CPU.Build.0 = Debug|Any CPU
		{E37CD05A-EBFC-429D-A550-BEE44119FA9E}.Debug|arm64.ActiveCfg = Debug|Any CPU
		{E37CD05A-EBFC-429D-A550-BEE44119FA9E}.Debug|arm64.Build.0 = Debug|Any CPU
		{E37CD05A-EBFC-429D-A550-BEE44119FA9E}.Debug|x64.ActiveCfg = Debug|Any CPU
		{E37CD05A-EBFC-429D-A550-BEE44119FA9E}.Debug|x64.Build.0 = Debug|Any CPU
		{E37CD05A-EBFC-429D-A550-BEE44119FA9E}.Debug|x86.ActiveCfg = Debug|Any CPU
		{E37CD05A-EBFC-429D-A550-BEE44119FA9E}.Debug|x86.Build.0 = Debug|Any CPU
		{E37CD05A-EBFC-429D-A550-BEE44119FA9E}.Release|Any CPU.ActiveCfg = Release|Any CPU
		{E37CD05A-EBFC-429D-A550-BEE44119FA9E}.Release|Any CPU.Build.0 = Release|Any CPU
		{E37CD05A-EBFC-429D-A550-BEE44119FA9E}.Release|arm64.ActiveCfg = Release|Any CPU
		{E37CD05A-EBFC-429D-A550-BEE44119FA9E}.Release|arm64.Build.0 = Release|Any CPU
		{E37CD05A-EBFC-429D-A550-BEE44119FA9E}.Release|x64.ActiveCfg = Release|Any CPU
		{E37CD05A-EBFC-429D-A550-BEE44119FA9E}.Release|x64.Build.0 = Release|Any CPU
		{E37CD05A-EBFC-429D-A550-BEE44119FA9E}.Release|x86.ActiveCfg = Release|Any CPU
		{E37CD05A-EBFC-429D-A550-BEE44119FA9E}.Release|x86.Build.0 = Release|Any CPU
		{7F6C7E7A-A4B5-4D12-88EB-217CA59284F4}.Debug|Any CPU.ActiveCfg = Debug|Any CPU
		{7F6C7E7A-A4B5-4D12-88EB-217CA59284F4}.Debug|Any CPU.Build.0 = Debug|Any CPU
		{7F6C7E7A-A4B5-4D12-88EB-217CA59284F4}.Debug|arm64.ActiveCfg = Debug|Any CPU
		{7F6C7E7A-A4B5-4D12-88EB-217CA59284F4}.Debug|arm64.Build.0 = Debug|Any CPU
		{7F6C7E7A-A4B5-4D12-88EB-217CA59284F4}.Debug|x64.ActiveCfg = Debug|Any CPU
		{7F6C7E7A-A4B5-4D12-88EB-217CA59284F4}.Debug|x64.Build.0 = Debug|Any CPU
		{7F6C7E7A-A4B5-4D12-88EB-217CA59284F4}.Debug|x86.ActiveCfg = Debug|Any CPU
		{7F6C7E7A-A4B5-4D12-88EB-217CA59284F4}.Debug|x86.Build.0 = Debug|Any CPU
		{7F6C7E7A-A4B5-4D12-88EB-217CA59284F4}.Release|Any CPU.ActiveCfg = Release|Any CPU
		{7F6C7E7A-A4B5-4D12-88EB-217CA59284F4}.Release|Any CPU.Build.0 = Release|Any CPU
		{7F6C7E7A-A4B5-4D12-88EB-217CA59284F4}.Release|arm64.ActiveCfg = Release|Any CPU
		{7F6C7E7A-A4B5-4D12-88EB-217CA59284F4}.Release|arm64.Build.0 = Release|Any CPU
		{7F6C7E7A-A4B5-4D12-88EB-217CA59284F4}.Release|x64.ActiveCfg = Release|Any CPU
		{7F6C7E7A-A4B5-4D12-88EB-217CA59284F4}.Release|x64.Build.0 = Release|Any CPU
		{7F6C7E7A-A4B5-4D12-88EB-217CA59284F4}.Release|x86.ActiveCfg = Release|Any CPU
		{7F6C7E7A-A4B5-4D12-88EB-217CA59284F4}.Release|x86.Build.0 = Release|Any CPU
		{9C8D6133-9417-43A1-B54F-725009569D71}.Debug|Any CPU.ActiveCfg = Debug|Any CPU
		{9C8D6133-9417-43A1-B54F-725009569D71}.Debug|Any CPU.Build.0 = Debug|Any CPU
		{9C8D6133-9417-43A1-B54F-725009569D71}.Debug|arm64.ActiveCfg = Debug|Any CPU
		{9C8D6133-9417-43A1-B54F-725009569D71}.Debug|arm64.Build.0 = Debug|Any CPU
		{9C8D6133-9417-43A1-B54F-725009569D71}.Debug|x64.ActiveCfg = Debug|Any CPU
		{9C8D6133-9417-43A1-B54F-725009569D71}.Debug|x64.Build.0 = Debug|Any CPU
		{9C8D6133-9417-43A1-B54F-725009569D71}.Debug|x86.ActiveCfg = Debug|Any CPU
		{9C8D6133-9417-43A1-B54F-725009569D71}.Debug|x86.Build.0 = Debug|Any CPU
		{9C8D6133-9417-43A1-B54F-725009569D71}.Release|Any CPU.ActiveCfg = Release|Any CPU
		{9C8D6133-9417-43A1-B54F-725009569D71}.Release|Any CPU.Build.0 = Release|Any CPU
		{9C8D6133-9417-43A1-B54F-725009569D71}.Release|arm64.ActiveCfg = Release|Any CPU
		{9C8D6133-9417-43A1-B54F-725009569D71}.Release|arm64.Build.0 = Release|Any CPU
		{9C8D6133-9417-43A1-B54F-725009569D71}.Release|x64.ActiveCfg = Release|Any CPU
		{9C8D6133-9417-43A1-B54F-725009569D71}.Release|x64.Build.0 = Release|Any CPU
		{9C8D6133-9417-43A1-B54F-725009569D71}.Release|x86.ActiveCfg = Release|Any CPU
		{9C8D6133-9417-43A1-B54F-725009569D71}.Release|x86.Build.0 = Release|Any CPU
	EndGlobalSection
	GlobalSection(SolutionProperties) = preSolution
		HideSolutionNode = FALSE
	EndGlobalSection
	GlobalSection(NestedProjects) = preSolution
		{AE87BE68-DFDC-46D8-BC55-DC9D1DD47F4C} = {35AC6218-CBEA-4FDA-8CE1-D1EBD6FD8D4A}
		{4059EB00-22B3-4EF9-A509-469CE8B0096D} = {35AC6218-CBEA-4FDA-8CE1-D1EBD6FD8D4A}
		{6F1F6A8D-A530-4C4F-9360-219AC3B43FAA} = {D7EA6A65-3CB5-4A59-934A-B8402C849107}
		{5138077E-670E-413D-94D1-0825B6D1201B} = {D7EA6A65-3CB5-4A59-934A-B8402C849107}
		{E37CD05A-EBFC-429D-A550-BEE44119FA9E} = {D7EA6A65-3CB5-4A59-934A-B8402C849107}
		{7F6C7E7A-A4B5-4D12-88EB-217CA59284F4} = {D7EA6A65-3CB5-4A59-934A-B8402C849107}
	EndGlobalSection
	GlobalSection(ExtensibilityGlobals) = postSolution
		SolutionGuid = {234CB3F9-5ADC-433F-BDBD-CB8EA59EB518}
	EndGlobalSection
EndGlobal
