
Microsoft Visual Studio Solution File, Format Version 12.00
# Visual Studio Version 17
VisualStudioVersion = 17.2.32505.173
MinimumVisualStudioVersion = 10.0.40219.1
Project("{FAE04EC0-301F-11D3-BF4B-00C04F79EFBC}") = "Wpf.Ui.Extension", "Wpf.Ui.Extension\Wpf.Ui.Extension\Wpf.Ui.Extension.csproj", "{1298D974-9D81-4A93-9374-EA6A0E723DEB}"
EndProject
Project("{FAE04EC0-301F-11D3-BF4B-00C04F79EFBC}") = "Wpf.Ui.Mvvm.CompactNavigation.Template", "Wpf.Ui.Extension\Templates\Wpf.Ui.Mvvm.CompactNavigation\Wpf.Ui.Mvvm.CompactNavigation.Template.csproj", "{14D7431C-6CFF-4191-BB88-2B8D5F323A30}"
EndProject
Project("{FAE04EC0-301F-11D3-BF4B-00C04F79EFBC}") = "Wpf.Ui.Mvvm.FluentNavigation.Template", "Wpf.Ui.Extension\Templates\Wpf.Ui.Mvvm.FluentNavigation\Wpf.Ui.Mvvm.FluentNavigation.Template.csproj", "{08BE0726-8E3D-4624-AC9E-07816A14E906}"
EndProject
Project("{FAE04EC0-301F-11D3-BF4B-00C04F79EFBC}") = "Wpf.Ui.Mvvm.StoreNavigation.Template", "Wpf.Ui.Extension\Templates\Wpf.Ui.Mvvm.StoreNavigation\Wpf.Ui.Mvvm.StoreNavigation.Template.csproj", "{5F5E2630-513E-4A8D-BB64-0F6F574DD739}"
EndProject
Project("{2150E333-8FDC-42A3-9474-1A3956D46DE8}") = "Templates", "Templates", "{EE91A195-315B-4172-AA08-BBBD596EDEBF}"
EndProject
Global
	GlobalSection(SolutionConfigurationPlatforms) = preSolution
		Debug|Any CPU = Debug|Any CPU
		Debug|x86 = Debug|x86
		Release|Any CPU = Release|Any CPU
		Release|x86 = Release|x86
	EndGlobalSection
	GlobalSection(ProjectConfigurationPlatforms) = postSolution
		{1298D974-9D81-4A93-9374-EA6A0E723DEB}.Debug|Any CPU.ActiveCfg = Debug|Any CPU
		{1298D974-9D81-4A93-9374-EA6A0E723DEB}.Debug|Any CPU.Build.0 = Debug|Any CPU
		{1298D974-9D81-4A93-9374-EA6A0E723DEB}.Debug|x86.ActiveCfg = Debug|x86
		{1298D974-9D81-4A93-9374-EA6A0E723DEB}.Debug|x86.Build.0 = Debug|x86
		{1298D974-9D81-4A93-9374-EA6A0E723DEB}.Release|Any CPU.ActiveCfg = Release|Any CPU
		{1298D974-9D81-4A93-9374-EA6A0E723DEB}.Release|Any CPU.Build.0 = Release|Any CPU
		{1298D974-9D81-4A93-9374-EA6A0E723DEB}.Release|x86.ActiveCfg = Release|x86
		{1298D974-9D81-4A93-9374-EA6A0E723DEB}.Release|x86.Build.0 = Release|x86
		{14D7431C-6CFF-4191-BB88-2B8D5F323A30}.Debug|Any CPU.ActiveCfg = Debug|Any CPU
		{14D7431C-6CFF-4191-BB88-2B8D5F323A30}.Debug|Any CPU.Build.0 = Debug|Any CPU
		{14D7431C-6CFF-4191-BB88-2B8D5F323A30}.Debug|x86.ActiveCfg = Debug|x86
		{14D7431C-6CFF-4191-BB88-2B8D5F323A30}.Debug|x86.Build.0 = Debug|x86
		{14D7431C-6CFF-4191-BB88-2B8D5F323A30}.Release|Any CPU.ActiveCfg = Release|Any CPU
		{14D7431C-6CFF-4191-BB88-2B8D5F323A30}.Release|Any CPU.Build.0 = Release|Any CPU
		{14D7431C-6CFF-4191-BB88-2B8D5F323A30}.Release|x86.ActiveCfg = Release|x86
		{14D7431C-6CFF-4191-BB88-2B8D5F323A30}.Release|x86.Build.0 = Release|x86
		{08BE0726-8E3D-4624-AC9E-07816A14E906}.Debug|Any CPU.ActiveCfg = Debug|Any CPU
		{08BE0726-8E3D-4624-AC9E-07816A14E906}.Debug|Any CPU.Build.0 = Debug|Any CPU
		{08BE0726-8E3D-4624-AC9E-07816A14E906}.Debug|x86.ActiveCfg = Debug|x86
		{08BE0726-8E3D-4624-AC9E-07816A14E906}.Debug|x86.Build.0 = Debug|x86
		{08BE0726-8E3D-4624-AC9E-07816A14E906}.Release|Any CPU.ActiveCfg = Release|Any CPU
		{08BE0726-8E3D-4624-AC9E-07816A14E906}.Release|Any CPU.Build.0 = Release|Any CPU
		{08BE0726-8E3D-4624-AC9E-07816A14E906}.Release|x86.ActiveCfg = Release|x86
		{08BE0726-8E3D-4624-AC9E-07816A14E906}.Release|x86.Build.0 = Release|x86
		{5F5E2630-513E-4A8D-BB64-0F6F574DD739}.Debug|Any CPU.ActiveCfg = Debug|Any CPU
		{5F5E2630-513E-4A8D-BB64-0F6F574DD739}.Debug|Any CPU.Build.0 = Debug|Any CPU
		{5F5E2630-513E-4A8D-BB64-0F6F574DD739}.Debug|x86.ActiveCfg = Debug|x86
		{5F5E2630-513E-4A8D-BB64-0F6F574DD739}.Debug|x86.Build.0 = Debug|x86
		{5F5E2630-513E-4A8D-BB64-0F6F574DD739}.Release|Any CPU.ActiveCfg = Release|Any CPU
		{5F5E2630-513E-4A8D-BB64-0F6F574DD739}.Release|Any CPU.Build.0 = Release|Any CPU
		{5F5E2630-513E-4A8D-BB64-0F6F574DD739}.Release|x86.ActiveCfg = Release|x86
		{5F5E2630-513E-4A8D-BB64-0F6F574DD739}.Release|x86.Build.0 = Release|x86
	EndGlobalSection
	GlobalSection(SolutionProperties) = preSolution
		HideSolutionNode = FALSE
	EndGlobalSection
	GlobalSection(NestedProjects) = preSolution
		{14D7431C-6CFF-4191-BB88-2B8D5F323A30} = {EE91A195-315B-4172-AA08-BBBD596EDEBF}
		{08BE0726-8E3D-4624-AC9E-07816A14E906} = {EE91A195-315B-4172-AA08-BBBD596EDEBF}
		{5F5E2630-513E-4A8D-BB64-0F6F574DD739} = {EE91A195-315B-4172-AA08-BBBD596EDEBF}
	EndGlobalSection
	GlobalSection(ExtensibilityGlobals) = postSolution
		SolutionGuid = {8F55C6F2-1DAD-420E-868C-9B0140D01E7F}
	EndGlobalSection
EndGlobal
