
Microsoft Visual Studio Solution File, Format Version 12.00
# Visual Studio Version 17
VisualStudioVersion = 17.1.32407.343
MinimumVisualStudioVersion = 10.0.40219.1
Project("{9A19103F-16F7-4668-BE54-9A1E7A4F7556}") = "WPFUI", "WPFUI\WPFUI.csproj", "{1ADC87D1-8963-4100-845A-18477824718E}"
EndProject
Project("{9A19103F-16F7-4668-BE54-9A1E7A4F7556}") = "WPFUI.Demo", "WPFUI.DEMO\WPFUI.Demo.csproj", "{A78FB614-E888-4D5C-92D3-690567958B90}"
EndProject
Global
	GlobalSection(SolutionConfigurationPlatforms) = preSolution
		Debug|Any CPU = Debug|Any CPU
		Debug|x86 = Debug|x86
		Release|Any CPU = Release|Any CPU
		Release|x86 = Release|x86
	EndGlobalSection
	GlobalSection(ProjectConfigurationPlatforms) = postSolution
		{1ADC87D1-8963-4100-845A-18477824718E}.Debug|Any CPU.ActiveCfg = Debug|Any CPU
		{1ADC87D1-8963-4100-845A-18477824718E}.Debug|Any CPU.Build.0 = Debug|Any CPU
		{1ADC87D1-8963-4100-845A-18477824718E}.Debug|x86.ActiveCfg = Debug|Any CPU
		{1ADC87D1-8963-4100-845A-18477824718E}.Debug|x86.Build.0 = Debug|Any CPU
		{1ADC87D1-8963-4100-845A-18477824718E}.Release|Any CPU.ActiveCfg = Release|Any CPU
		{1ADC87D1-8963-4100-845A-18477824718E}.Release|Any CPU.Build.0 = Release|Any CPU
		{1ADC87D1-8963-4100-845A-18477824718E}.Release|x86.ActiveCfg = Release|Any CPU
		{1ADC87D1-8963-4100-845A-18477824718E}.Release|x86.Build.0 = Release|Any CPU
		{A78FB614-E888-4D5C-92D3-690567958B90}.Debug|Any CPU.ActiveCfg = Debug|Any CPU
		{A78FB614-E888-4D5C-92D3-690567958B90}.Debug|Any CPU.Build.0 = Debug|Any CPU
		{A78FB614-E888-4D5C-92D3-690567958B90}.Debug|x86.ActiveCfg = Debug|Any CPU
		{A78FB614-E888-4D5C-92D3-690567958B90}.Debug|x86.Build.0 = Debug|Any CPU
		{A78FB614-E888-4D5C-92D3-690567958B90}.Release|Any CPU.ActiveCfg = Release|Any CPU
		{A78FB614-E888-4D5C-92D3-690567958B90}.Release|Any CPU.Build.0 = Release|Any CPU
		{A78FB614-E888-4D5C-92D3-690567958B90}.Release|x86.ActiveCfg = Release|Any CPU
		{A78FB614-E888-4D5C-92D3-690567958B90}.Release|x86.Build.0 = Release|Any CPU
	EndGlobalSection
	GlobalSection(SolutionProperties) = preSolution
		HideSolutionNode = FALSE
	EndGlobalSection
	GlobalSection(ExtensibilityGlobals) = postSolution
		SolutionGuid = {234CB3F9-5ADC-433F-BDBD-CB8EA59EB518}
	EndGlobalSection
EndGlobal
